// !$*UTF8*$!
{
	archiveVersion = 1;
	classes = {
	};
	objectVersion = 55;
	objects = {

/* Begin PBXBuildFile section */
		E3177EBB282452B5009D4BEE /* PlacesMapView.swift in Sources */ = {isa = PBXBuildFile; fileRef = E3177EBA282452B5009D4BEE /* PlacesMapView.swift */; };
		E3177EBD282452D2009D4BEE /* PlacesMapViewModel.swift in Sources */ = {isa = PBXBuildFile; fileRef = E3177EBC282452D2009D4BEE /* PlacesMapViewModel.swift */; };
		E3177EBF282452E1009D4BEE /* PlacesMapModel.swift in Sources */ = {isa = PBXBuildFile; fileRef = E3177EBE282452E1009D4BEE /* PlacesMapModel.swift */; };
		E31BCFBD28252AED00340CF5 /* NavigationCoordinator.swift in Sources */ = {isa = PBXBuildFile; fileRef = E31BCFBC28252AED00340CF5 /* NavigationCoordinator.swift */; };
		E3211AD928416E08000A907F /* CustomImage.swift in Sources */ = {isa = PBXBuildFile; fileRef = E3211AD828416E07000A907F /* CustomImage.swift */; };
		E32504BB28357FE3005A61F8 /* URLConstructor.swift in Sources */ = {isa = PBXBuildFile; fileRef = E32504BA28357FE3005A61F8 /* URLConstructor.swift */; };
		E3577ACF28342969001ABC07 /* User.swift in Sources */ = {isa = PBXBuildFile; fileRef = E3577ACE28342969001ABC07 /* User.swift */; };
		E3577AD1283429B0001ABC07 /* Place.swift in Sources */ = {isa = PBXBuildFile; fileRef = E3577AD0283429B0001ABC07 /* Place.swift */; };
		E36355E52822CF1B00A14C82 /* RegistrationViewModel.swift in Sources */ = {isa = PBXBuildFile; fileRef = E36355E42822CF1B00A14C82 /* RegistrationViewModel.swift */; };
		E36355E72822CF2700A14C82 /* RegistrationModel.swift in Sources */ = {isa = PBXBuildFile; fileRef = E36355E62822CF2700A14C82 /* RegistrationModel.swift */; };
		E375CC0E282408E100186418 /* Localizable.strings in Resources */ = {isa = PBXBuildFile; fileRef = E375CC10282408E100186418 /* Localizable.strings */; };
		E375CC1528240D4300186418 /* RegistrationErrors.swift in Sources */ = {isa = PBXBuildFile; fileRef = E375CC1428240D4300186418 /* RegistrationErrors.swift */; };
		E38F0F5728227934005E14A7 /* CafeMapApp.swift in Sources */ = {isa = PBXBuildFile; fileRef = E38F0F5628227934005E14A7 /* CafeMapApp.swift */; };
		E38F0F5928227934005E14A7 /* RegistrationView.swift in Sources */ = {isa = PBXBuildFile; fileRef = E38F0F5828227934005E14A7 /* RegistrationView.swift */; };
		E38F0F5B28227939005E14A7 /* Assets.xcassets in Resources */ = {isa = PBXBuildFile; fileRef = E38F0F5A28227939005E14A7 /* Assets.xcassets */; };
		E38F0F5E28227939005E14A7 /* Preview Assets.xcassets in Resources */ = {isa = PBXBuildFile; fileRef = E38F0F5D28227939005E14A7 /* Preview Assets.xcassets */; };
		E38F0F6828227939005E14A7 /* CafeMapTests.swift in Sources */ = {isa = PBXBuildFile; fileRef = E38F0F6728227939005E14A7 /* CafeMapTests.swift */; };
		E38F0F7228227939005E14A7 /* CafeMapUITests.swift in Sources */ = {isa = PBXBuildFile; fileRef = E38F0F7128227939005E14A7 /* CafeMapUITests.swift */; };
		E38F0F7428227939005E14A7 /* CafeMapUITestsLaunchTests.swift in Sources */ = {isa = PBXBuildFile; fileRef = E38F0F7328227939005E14A7 /* CafeMapUITestsLaunchTests.swift */; };
		E38F0F8528228028005E14A7 /* FirebaseAnalytics in Frameworks */ = {isa = PBXBuildFile; productRef = E38F0F8428228028005E14A7 /* FirebaseAnalytics */; };
		E38F0F8728228029005E14A7 /* FirebaseAuth in Frameworks */ = {isa = PBXBuildFile; productRef = E38F0F8628228029005E14A7 /* FirebaseAuth */; };
		E38F0F8928228029005E14A7 /* FirebaseAuthCombine-Community in Frameworks */ = {isa = PBXBuildFile; productRef = E38F0F8828228029005E14A7 /* FirebaseAuthCombine-Community */; };
		E39ED95D2828160500CBEB2A /* PlaceInformationViewModel.swift in Sources */ = {isa = PBXBuildFile; fileRef = E39ED95C2828160500CBEB2A /* PlaceInformationViewModel.swift */; };
		E39ED95F2828161400CBEB2A /* PlaceInformationModel.swift in Sources */ = {isa = PBXBuildFile; fileRef = E39ED95E2828161400CBEB2A /* PlaceInformationModel.swift */; };
		E39ED9612828162600CBEB2A /* PlaceInformationView.swift in Sources */ = {isa = PBXBuildFile; fileRef = E39ED9602828162600CBEB2A /* PlaceInformationView.swift */; };
		E3A4A6B52828D30E00E865B4 /* RedactPlaceModel.swift in Sources */ = {isa = PBXBuildFile; fileRef = E3A4A6B42828D30E00E865B4 /* RedactPlaceModel.swift */; };
		E3A4A6B72828D31B00E865B4 /* RedactPlaceViewModel.swift in Sources */ = {isa = PBXBuildFile; fileRef = E3A4A6B62828D31B00E865B4 /* RedactPlaceViewModel.swift */; };
		E3A4A6B92828D33000E865B4 /* RedactPlaceView.swift in Sources */ = {isa = PBXBuildFile; fileRef = E3A4A6B82828D33000E865B4 /* RedactPlaceView.swift */; };
		E3AC99B02829AA4C008EDB81 /* MyPlacesView.swift in Sources */ = {isa = PBXBuildFile; fileRef = E3AC99AF2829AA4C008EDB81 /* MyPlacesView.swift */; };
		E3AC99B22829AA59008EDB81 /* MyPlacesViewModel.swift in Sources */ = {isa = PBXBuildFile; fileRef = E3AC99B12829AA59008EDB81 /* MyPlacesViewModel.swift */; };
		E3AC99B42829AA70008EDB81 /* MyPlacesModel.swift in Sources */ = {isa = PBXBuildFile; fileRef = E3AC99B32829AA70008EDB81 /* MyPlacesModel.swift */; };
		E3BCC18B2836B71700634C4A /* DataManager.swift in Sources */ = {isa = PBXBuildFile; fileRef = E3BCC18A2836B71700634C4A /* DataManager.swift */; };
		E3BD434928253A2600B9E1A3 /* LocationManager.swift in Sources */ = {isa = PBXBuildFile; fileRef = E3BD434828253A2600B9E1A3 /* LocationManager.swift */; };
		E3C485262826F89400E53D51 /* InfoPlist.strings in Resources */ = {isa = PBXBuildFile; fileRef = E3C485282826F89400E53D51 /* InfoPlist.strings */; };
		E3CB9F0A282D70AF003C3B54 /* GoogleService-Info.plist in Resources */ = {isa = PBXBuildFile; fileRef = E3CB9F09282D70AF003C3B54 /* GoogleService-Info.plist */; };
		E3D14A36283C09130039F702 /* AddPlaceView.swift in Sources */ = {isa = PBXBuildFile; fileRef = E3D14A35283C09120039F702 /* AddPlaceView.swift */; };
		E3D14A38283C09250039F702 /* AddPlaceViewModel.swift in Sources */ = {isa = PBXBuildFile; fileRef = E3D14A37283C09250039F702 /* AddPlaceViewModel.swift */; };
		E3D14A3A283C09320039F702 /* AddPlaceModel.swift in Sources */ = {isa = PBXBuildFile; fileRef = E3D14A39283C09320039F702 /* AddPlaceModel.swift */; };
		E3D47874282AD82600556070 /* MyMapView.swift in Sources */ = {isa = PBXBuildFile; fileRef = E3D47873282AD82600556070 /* MyMapView.swift */; };
/* End PBXBuildFile section */

/* Begin PBXContainerItemProxy section */
		E38F0F6428227939005E14A7 /* PBXContainerItemProxy */ = {
			isa = PBXContainerItemProxy;
			containerPortal = E38F0F4B28227933005E14A7 /* Project object */;
			proxyType = 1;
			remoteGlobalIDString = E38F0F5228227934005E14A7;
			remoteInfo = CafeMap;
		};
		E38F0F6E28227939005E14A7 /* PBXContainerItemProxy */ = {
			isa = PBXContainerItemProxy;
			containerPortal = E38F0F4B28227933005E14A7 /* Project object */;
			proxyType = 1;
			remoteGlobalIDString = E38F0F5228227934005E14A7;
			remoteInfo = CafeMap;
		};
/* End PBXContainerItemProxy section */

/* Begin PBXFileReference section */
		E3177EBA282452B5009D4BEE /* PlacesMapView.swift */ = {isa = PBXFileReference; lastKnownFileType = sourcecode.swift; path = PlacesMapView.swift; sourceTree = "<group>"; };
		E3177EBC282452D2009D4BEE /* PlacesMapViewModel.swift */ = {isa = PBXFileReference; lastKnownFileType = sourcecode.swift; path = PlacesMapViewModel.swift; sourceTree = "<group>"; };
		E3177EBE282452E1009D4BEE /* PlacesMapModel.swift */ = {isa = PBXFileReference; lastKnownFileType = sourcecode.swift; path = PlacesMapModel.swift; sourceTree = "<group>"; };
		E31BCFBC28252AED00340CF5 /* NavigationCoordinator.swift */ = {isa = PBXFileReference; lastKnownFileType = sourcecode.swift; path = NavigationCoordinator.swift; sourceTree = "<group>"; };
		E3211AD828416E07000A907F /* CustomImage.swift */ = {isa = PBXFileReference; lastKnownFileType = sourcecode.swift; path = CustomImage.swift; sourceTree = "<group>"; };
		E32504BA28357FE3005A61F8 /* URLConstructor.swift */ = {isa = PBXFileReference; lastKnownFileType = sourcecode.swift; path = URLConstructor.swift; sourceTree = "<group>"; };
		E3577ACE28342969001ABC07 /* User.swift */ = {isa = PBXFileReference; lastKnownFileType = sourcecode.swift; path = User.swift; sourceTree = "<group>"; };
		E3577AD0283429B0001ABC07 /* Place.swift */ = {isa = PBXFileReference; lastKnownFileType = sourcecode.swift; path = Place.swift; sourceTree = "<group>"; };
		E36355E42822CF1B00A14C82 /* RegistrationViewModel.swift */ = {isa = PBXFileReference; lastKnownFileType = sourcecode.swift; path = RegistrationViewModel.swift; sourceTree = "<group>"; };
		E36355E62822CF2700A14C82 /* RegistrationModel.swift */ = {isa = PBXFileReference; lastKnownFileType = sourcecode.swift; path = RegistrationModel.swift; sourceTree = "<group>"; };
		E375CC0F282408E100186418 /* en */ = {isa = PBXFileReference; lastKnownFileType = text.plist.strings; name = en; path = en.lproj/Localizable.strings; sourceTree = "<group>"; };
		E375CC11282408F700186418 /* ru */ = {isa = PBXFileReference; lastKnownFileType = text.plist.strings; name = ru; path = ru.lproj/Localizable.strings; sourceTree = "<group>"; };
		E375CC1428240D4300186418 /* RegistrationErrors.swift */ = {isa = PBXFileReference; lastKnownFileType = sourcecode.swift; path = RegistrationErrors.swift; sourceTree = "<group>"; };
		E38F0F5328227934005E14A7 /* Places Map.app */ = {isa = PBXFileReference; explicitFileType = wrapper.application; includeInIndex = 0; path = "Places Map.app"; sourceTree = BUILT_PRODUCTS_DIR; };
		E38F0F5628227934005E14A7 /* CafeMapApp.swift */ = {isa = PBXFileReference; lastKnownFileType = sourcecode.swift; path = CafeMapApp.swift; sourceTree = "<group>"; };
		E38F0F5828227934005E14A7 /* RegistrationView.swift */ = {isa = PBXFileReference; lastKnownFileType = sourcecode.swift; path = RegistrationView.swift; sourceTree = "<group>"; };
		E38F0F5A28227939005E14A7 /* Assets.xcassets */ = {isa = PBXFileReference; lastKnownFileType = folder.assetcatalog; path = Assets.xcassets; sourceTree = "<group>"; };
		E38F0F5D28227939005E14A7 /* Preview Assets.xcassets */ = {isa = PBXFileReference; lastKnownFileType = folder.assetcatalog; path = "Preview Assets.xcassets"; sourceTree = "<group>"; };
		E38F0F6328227939005E14A7 /* PlacesMapTests.xctest */ = {isa = PBXFileReference; explicitFileType = wrapper.cfbundle; includeInIndex = 0; path = PlacesMapTests.xctest; sourceTree = BUILT_PRODUCTS_DIR; };
		E38F0F6728227939005E14A7 /* CafeMapTests.swift */ = {isa = PBXFileReference; lastKnownFileType = sourcecode.swift; path = CafeMapTests.swift; sourceTree = "<group>"; };
		E38F0F6D28227939005E14A7 /* PlacesMapUITests.xctest */ = {isa = PBXFileReference; explicitFileType = wrapper.cfbundle; includeInIndex = 0; path = PlacesMapUITests.xctest; sourceTree = BUILT_PRODUCTS_DIR; };
		E38F0F7128227939005E14A7 /* CafeMapUITests.swift */ = {isa = PBXFileReference; lastKnownFileType = sourcecode.swift; path = CafeMapUITests.swift; sourceTree = "<group>"; };
		E38F0F7328227939005E14A7 /* CafeMapUITestsLaunchTests.swift */ = {isa = PBXFileReference; lastKnownFileType = sourcecode.swift; path = CafeMapUITestsLaunchTests.swift; sourceTree = "<group>"; };
		E39ED95C2828160500CBEB2A /* PlaceInformationViewModel.swift */ = {isa = PBXFileReference; lastKnownFileType = sourcecode.swift; path = PlaceInformationViewModel.swift; sourceTree = "<group>"; };
		E39ED95E2828161400CBEB2A /* PlaceInformationModel.swift */ = {isa = PBXFileReference; lastKnownFileType = sourcecode.swift; path = PlaceInformationModel.swift; sourceTree = "<group>"; };
		E39ED9602828162600CBEB2A /* PlaceInformationView.swift */ = {isa = PBXFileReference; lastKnownFileType = sourcecode.swift; path = PlaceInformationView.swift; sourceTree = "<group>"; };
		E3A4A6B42828D30E00E865B4 /* RedactPlaceModel.swift */ = {isa = PBXFileReference; lastKnownFileType = sourcecode.swift; path = RedactPlaceModel.swift; sourceTree = "<group>"; };
		E3A4A6B62828D31B00E865B4 /* RedactPlaceViewModel.swift */ = {isa = PBXFileReference; lastKnownFileType = sourcecode.swift; path = RedactPlaceViewModel.swift; sourceTree = "<group>"; };
		E3A4A6B82828D33000E865B4 /* RedactPlaceView.swift */ = {isa = PBXFileReference; lastKnownFileType = sourcecode.swift; path = RedactPlaceView.swift; sourceTree = "<group>"; };
		E3AC99AF2829AA4C008EDB81 /* MyPlacesView.swift */ = {isa = PBXFileReference; lastKnownFileType = sourcecode.swift; path = MyPlacesView.swift; sourceTree = "<group>"; };
		E3AC99B12829AA59008EDB81 /* MyPlacesViewModel.swift */ = {isa = PBXFileReference; lastKnownFileType = sourcecode.swift; path = MyPlacesViewModel.swift; sourceTree = "<group>"; };
		E3AC99B32829AA70008EDB81 /* MyPlacesModel.swift */ = {isa = PBXFileReference; lastKnownFileType = sourcecode.swift; path = MyPlacesModel.swift; sourceTree = "<group>"; };
		E3BCC18A2836B71700634C4A /* DataManager.swift */ = {isa = PBXFileReference; lastKnownFileType = sourcecode.swift; path = DataManager.swift; sourceTree = "<group>"; };
		E3BD434828253A2600B9E1A3 /* LocationManager.swift */ = {isa = PBXFileReference; lastKnownFileType = sourcecode.swift; path = LocationManager.swift; sourceTree = "<group>"; };
		E3C485272826F89400E53D51 /* en */ = {isa = PBXFileReference; lastKnownFileType = text.plist.strings; name = en; path = en.lproj/InfoPlist.strings; sourceTree = "<group>"; };
		E3C485292826F89600E53D51 /* ru */ = {isa = PBXFileReference; lastKnownFileType = text.plist.strings; name = ru; path = ru.lproj/InfoPlist.strings; sourceTree = "<group>"; };
		E3CB9F09282D70AF003C3B54 /* GoogleService-Info.plist */ = {isa = PBXFileReference; fileEncoding = 4; lastKnownFileType = text.plist.xml; name = "GoogleService-Info.plist"; path = "../../../../../../Downloads/GoogleService-Info.plist"; sourceTree = "<group>"; };
		E3D14A35283C09120039F702 /* AddPlaceView.swift */ = {isa = PBXFileReference; lastKnownFileType = sourcecode.swift; path = AddPlaceView.swift; sourceTree = "<group>"; };
		E3D14A37283C09250039F702 /* AddPlaceViewModel.swift */ = {isa = PBXFileReference; lastKnownFileType = sourcecode.swift; path = AddPlaceViewModel.swift; sourceTree = "<group>"; };
		E3D14A39283C09320039F702 /* AddPlaceModel.swift */ = {isa = PBXFileReference; lastKnownFileType = sourcecode.swift; path = AddPlaceModel.swift; sourceTree = "<group>"; };
		E3D47873282AD82600556070 /* MyMapView.swift */ = {isa = PBXFileReference; lastKnownFileType = sourcecode.swift; path = MyMapView.swift; sourceTree = "<group>"; };
/* End PBXFileReference section */

/* Begin PBXFrameworksBuildPhase section */
		E38F0F5028227934005E14A7 /* Frameworks */ = {
			isa = PBXFrameworksBuildPhase;
			buildActionMask = 2147483647;
			files = (
				E38F0F8528228028005E14A7 /* FirebaseAnalytics in Frameworks */,
				E38F0F8928228029005E14A7 /* FirebaseAuthCombine-Community in Frameworks */,
				E38F0F8728228029005E14A7 /* FirebaseAuth in Frameworks */,
			);
			runOnlyForDeploymentPostprocessing = 0;
		};
		E38F0F6028227939005E14A7 /* Frameworks */ = {
			isa = PBXFrameworksBuildPhase;
			buildActionMask = 2147483647;
			files = (
			);
			runOnlyForDeploymentPostprocessing = 0;
		};
		E38F0F6A28227939005E14A7 /* Frameworks */ = {
			isa = PBXFrameworksBuildPhase;
			buildActionMask = 2147483647;
			files = (
			);
			runOnlyForDeploymentPostprocessing = 0;
		};
/* End PBXFrameworksBuildPhase section */

/* Begin PBXGroup section */
		E3177EB928245285009D4BEE /* PlacesMapModule */ = {
			isa = PBXGroup;
			children = (
				E3177EBA282452B5009D4BEE /* PlacesMapView.swift */,
				E3177EBC282452D2009D4BEE /* PlacesMapViewModel.swift */,
				E3177EBE282452E1009D4BEE /* PlacesMapModel.swift */,
			);
			path = PlacesMapModule;
			sourceTree = "<group>";
		};
		E31BCFBB28252AC800340CF5 /* Navigation */ = {
			isa = PBXGroup;
			children = (
				E31BCFBC28252AED00340CF5 /* NavigationCoordinator.swift */,
			);
			path = Navigation;
			sourceTree = "<group>";
		};
		E3211AD728416DF1000A907F /* CustomImage */ = {
			isa = PBXGroup;
			children = (
				E3211AD828416E07000A907F /* CustomImage.swift */,
			);
			path = CustomImage;
			sourceTree = "<group>";
		};
		E32504B928357FC1005A61F8 /* URLConstructor */ = {
			isa = PBXGroup;
			children = (
				E32504BA28357FE3005A61F8 /* URLConstructor.swift */,
			);
			path = URLConstructor;
			sourceTree = "<group>";
		};
		E3577ACD28342916001ABC07 /* DataModels */ = {
			isa = PBXGroup;
			children = (
				E3577ACE28342969001ABC07 /* User.swift */,
				E3577AD0283429B0001ABC07 /* Place.swift */,
			);
			path = DataModels;
			sourceTree = "<group>";
		};
		E36355E32822CE4200A14C82 /* RegistrationModule */ = {
			isa = PBXGroup;
			children = (
				E38F0F5828227934005E14A7 /* RegistrationView.swift */,
				E36355E42822CF1B00A14C82 /* RegistrationViewModel.swift */,
				E36355E62822CF2700A14C82 /* RegistrationModel.swift */,
				E375CC1428240D4300186418 /* RegistrationErrors.swift */,
			);
			path = RegistrationModule;
			sourceTree = "<group>";
		};
		E375CC0B2824088100186418 /* Localization */ = {
			isa = PBXGroup;
			children = (
				E375CC10282408E100186418 /* Localizable.strings */,
				E3C485282826F89400E53D51 /* InfoPlist.strings */,
			);
			path = Localization;
			sourceTree = "<group>";
		};
		E38F0F4A28227933005E14A7 = {
			isa = PBXGroup;
			children = (
				E38F0F5528227934005E14A7 /* PlacesMap */,
				E38F0F6628227939005E14A7 /* PlacesMapTests */,
				E38F0F7028227939005E14A7 /* PlacesMapUITests */,
				E38F0F5428227934005E14A7 /* Products */,
			);
			sourceTree = "<group>";
		};
		E38F0F5428227934005E14A7 /* Products */ = {
			isa = PBXGroup;
			children = (
				E38F0F5328227934005E14A7 /* Places Map.app */,
				E38F0F6328227939005E14A7 /* PlacesMapTests.xctest */,
				E38F0F6D28227939005E14A7 /* PlacesMapUITests.xctest */,
			);
			name = Products;
			sourceTree = "<group>";
		};
		E38F0F5528227934005E14A7 /* PlacesMap */ = {
			isa = PBXGroup;
			children = (
				E3BCC1892836B6FC00634C4A /* DataManager */,
				E32504B928357FC1005A61F8 /* URLConstructor */,
				E3577ACD28342916001ABC07 /* DataModels */,
				E375CC0B2824088100186418 /* Localization */,
				E3BD434A28253A3300B9E1A3 /* Location */,
				E3D14A34283C04D20039F702 /* AddPlaceModule */,
				E3AC99AE2829A995008EDB81 /* MyPlacesModule */,
				E3A4A6B32828D2B300E865B4 /* RedactPlaceModule */,
				E39ED95B282815C000CBEB2A /* PlaceInformationModule */,
				E3177EB928245285009D4BEE /* PlacesMapModule */,
				E36355E32822CE4200A14C82 /* RegistrationModule */,
				E31BCFBB28252AC800340CF5 /* Navigation */,
				E38F0F8028227995005E14A7 /* SupportingFiles */,
				E38F0F5C28227939005E14A7 /* Preview Content */,
			);
			path = PlacesMap;
			sourceTree = "<group>";
		};
		E38F0F5C28227939005E14A7 /* Preview Content */ = {
			isa = PBXGroup;
			children = (
				E38F0F5D28227939005E14A7 /* Preview Assets.xcassets */,
			);
			path = "Preview Content";
			sourceTree = "<group>";
		};
		E38F0F6628227939005E14A7 /* PlacesMapTests */ = {
			isa = PBXGroup;
			children = (
				E38F0F6728227939005E14A7 /* CafeMapTests.swift */,
			);
			path = PlacesMapTests;
			sourceTree = "<group>";
		};
		E38F0F7028227939005E14A7 /* PlacesMapUITests */ = {
			isa = PBXGroup;
			children = (
				E38F0F7128227939005E14A7 /* CafeMapUITests.swift */,
				E38F0F7328227939005E14A7 /* CafeMapUITestsLaunchTests.swift */,
			);
			path = PlacesMapUITests;
			sourceTree = "<group>";
		};
		E38F0F8028227995005E14A7 /* SupportingFiles */ = {
			isa = PBXGroup;
			children = (
				E3CB9F09282D70AF003C3B54 /* GoogleService-Info.plist */,
				E38F0F5628227934005E14A7 /* CafeMapApp.swift */,
				E38F0F5A28227939005E14A7 /* Assets.xcassets */,
			);
			path = SupportingFiles;
			sourceTree = "<group>";
		};
		E39ED95B282815C000CBEB2A /* PlaceInformationModule */ = {
			isa = PBXGroup;
			children = (
				E39ED9602828162600CBEB2A /* PlaceInformationView.swift */,
				E39ED95C2828160500CBEB2A /* PlaceInformationViewModel.swift */,
				E39ED95E2828161400CBEB2A /* PlaceInformationModel.swift */,
			);
			path = PlaceInformationModule;
			sourceTree = "<group>";
		};
		E3A4A6B32828D2B300E865B4 /* RedactPlaceModule */ = {
			isa = PBXGroup;
			children = (
				E3A4A6B82828D33000E865B4 /* RedactPlaceView.swift */,
				E3A4A6B62828D31B00E865B4 /* RedactPlaceViewModel.swift */,
				E3A4A6B42828D30E00E865B4 /* RedactPlaceModel.swift */,
			);
			path = RedactPlaceModule;
			sourceTree = "<group>";
		};
		E3AC99AE2829A995008EDB81 /* MyPlacesModule */ = {
			isa = PBXGroup;
			children = (
				E3AC99AF2829AA4C008EDB81 /* MyPlacesView.swift */,
				E3AC99B12829AA59008EDB81 /* MyPlacesViewModel.swift */,
				E3AC99B32829AA70008EDB81 /* MyPlacesModel.swift */,
			);
			path = MyPlacesModule;
			sourceTree = "<group>";
		};
		E3BCC1892836B6FC00634C4A /* DataManager */ = {
			isa = PBXGroup;
			children = (
				E3BCC18A2836B71700634C4A /* DataManager.swift */,
			);
			path = DataManager;
			sourceTree = "<group>";
		};
		E3BD434A28253A3300B9E1A3 /* Location */ = {
			isa = PBXGroup;
			children = (
				E3BD434828253A2600B9E1A3 /* LocationManager.swift */,
			);
			path = Location;
			sourceTree = "<group>";
		};
		E3D14A34283C04D20039F702 /* AddPlaceModule */ = {
			isa = PBXGroup;
			children = (
				E3211AD728416DF1000A907F /* CustomImage */,
				E3D47870282AD6F500556070 /* Map */,
				E3D14A35283C09120039F702 /* AddPlaceView.swift */,
				E3D14A37283C09250039F702 /* AddPlaceViewModel.swift */,
				E3D14A39283C09320039F702 /* AddPlaceModel.swift */,
			);
			path = AddPlaceModule;
			sourceTree = "<group>";
		};
		E3D47870282AD6F500556070 /* Map */ = {
			isa = PBXGroup;
			children = (
				E3D47873282AD82600556070 /* MyMapView.swift */,
			);
			path = Map;
			sourceTree = "<group>";
		};
/* End PBXGroup section */

/* Begin PBXNativeTarget section */
		E38F0F5228227934005E14A7 /* PlacesMap */ = {
			isa = PBXNativeTarget;
			buildConfigurationList = E38F0F7728227939005E14A7 /* Build configuration list for PBXNativeTarget "PlacesMap" */;
			buildPhases = (
				E38F0F4F28227934005E14A7 /* Sources */,
				E38F0F5028227934005E14A7 /* Frameworks */,
				E38F0F5128227934005E14A7 /* Resources */,
			);
			buildRules = (
			);
			dependencies = (
			);
			name = PlacesMap;
			packageProductDependencies = (
				E38F0F8428228028005E14A7 /* FirebaseAnalytics */,
				E38F0F8628228029005E14A7 /* FirebaseAuth */,
				E38F0F8828228029005E14A7 /* FirebaseAuthCombine-Community */,
			);
			productName = CafeMap;
			productReference = E38F0F5328227934005E14A7 /* Places Map.app */;
			productType = "com.apple.product-type.application";
		};
		E38F0F6228227939005E14A7 /* PlacesMapTests */ = {
			isa = PBXNativeTarget;
			buildConfigurationList = E38F0F7A28227939005E14A7 /* Build configuration list for PBXNativeTarget "PlacesMapTests" */;
			buildPhases = (
				E38F0F5F28227939005E14A7 /* Sources */,
				E38F0F6028227939005E14A7 /* Frameworks */,
				E38F0F6128227939005E14A7 /* Resources */,
			);
			buildRules = (
			);
			dependencies = (
				E38F0F6528227939005E14A7 /* PBXTargetDependency */,
			);
			name = PlacesMapTests;
			productName = CafeMapTests;
			productReference = E38F0F6328227939005E14A7 /* PlacesMapTests.xctest */;
			productType = "com.apple.product-type.bundle.unit-test";
		};
		E38F0F6C28227939005E14A7 /* PlacesMapUITests */ = {
			isa = PBXNativeTarget;
			buildConfigurationList = E38F0F7D28227939005E14A7 /* Build configuration list for PBXNativeTarget "PlacesMapUITests" */;
			buildPhases = (
				E38F0F6928227939005E14A7 /* Sources */,
				E38F0F6A28227939005E14A7 /* Frameworks */,
				E38F0F6B28227939005E14A7 /* Resources */,
			);
			buildRules = (
			);
			dependencies = (
				E38F0F6F28227939005E14A7 /* PBXTargetDependency */,
			);
			name = PlacesMapUITests;
			productName = CafeMapUITests;
			productReference = E38F0F6D28227939005E14A7 /* PlacesMapUITests.xctest */;
			productType = "com.apple.product-type.bundle.ui-testing";
		};
/* End PBXNativeTarget section */

/* Begin PBXProject section */
		E38F0F4B28227933005E14A7 /* Project object */ = {
			isa = PBXProject;
			attributes = {
				BuildIndependentTargetsInParallel = 1;
				LastSwiftUpdateCheck = 1330;
				LastUpgradeCheck = 1330;
				TargetAttributes = {
					E38F0F5228227934005E14A7 = {
						CreatedOnToolsVersion = 13.3.1;
					};
					E38F0F6228227939005E14A7 = {
						CreatedOnToolsVersion = 13.3.1;
						TestTargetID = E38F0F5228227934005E14A7;
					};
					E38F0F6C28227939005E14A7 = {
						CreatedOnToolsVersion = 13.3.1;
						TestTargetID = E38F0F5228227934005E14A7;
					};
				};
			};
			buildConfigurationList = E38F0F4E28227933005E14A7 /* Build configuration list for PBXProject "PlacesMap" */;
			compatibilityVersion = "Xcode 13.0";
			developmentRegion = en;
			hasScannedForEncodings = 0;
			knownRegions = (
				en,
				Base,
				ru,
			);
			mainGroup = E38F0F4A28227933005E14A7;
			packageReferences = (
				E38F0F8328228028005E14A7 /* XCRemoteSwiftPackageReference "firebase-ios-sdk" */,
			);
			productRefGroup = E38F0F5428227934005E14A7 /* Products */;
			projectDirPath = "";
			projectRoot = "";
			targets = (
				E38F0F5228227934005E14A7 /* PlacesMap */,
				E38F0F6228227939005E14A7 /* PlacesMapTests */,
				E38F0F6C28227939005E14A7 /* PlacesMapUITests */,
			);
		};
/* End PBXProject section */

/* Begin PBXResourcesBuildPhase section */
		E38F0F5128227934005E14A7 /* Resources */ = {
			isa = PBXResourcesBuildPhase;
			buildActionMask = 2147483647;
			files = (
				E38F0F5E28227939005E14A7 /* Preview Assets.xcassets in Resources */,
				E375CC0E282408E100186418 /* Localizable.strings in Resources */,
				E3CB9F0A282D70AF003C3B54 /* GoogleService-Info.plist in Resources */,
				E38F0F5B28227939005E14A7 /* Assets.xcassets in Resources */,
				E3C485262826F89400E53D51 /* InfoPlist.strings in Resources */,
			);
			runOnlyForDeploymentPostprocessing = 0;
		};
		E38F0F6128227939005E14A7 /* Resources */ = {
			isa = PBXResourcesBuildPhase;
			buildActionMask = 2147483647;
			files = (
			);
			runOnlyForDeploymentPostprocessing = 0;
		};
		E38F0F6B28227939005E14A7 /* Resources */ = {
			isa = PBXResourcesBuildPhase;
			buildActionMask = 2147483647;
			files = (
			);
			runOnlyForDeploymentPostprocessing = 0;
		};
/* End PBXResourcesBuildPhase section */

/* Begin PBXSourcesBuildPhase section */
		E38F0F4F28227934005E14A7 /* Sources */ = {
			isa = PBXSourcesBuildPhase;
			buildActionMask = 2147483647;
			files = (
				E3577AD1283429B0001ABC07 /* Place.swift in Sources */,
				E3BCC18B2836B71700634C4A /* DataManager.swift in Sources */,
				E38F0F5928227934005E14A7 /* RegistrationView.swift in Sources */,
				E3AC99B42829AA70008EDB81 /* MyPlacesModel.swift in Sources */,
				E3D14A36283C09130039F702 /* AddPlaceView.swift in Sources */,
				E36355E72822CF2700A14C82 /* RegistrationModel.swift in Sources */,
				E39ED95F2828161400CBEB2A /* PlaceInformationModel.swift in Sources */,
				E32504BB28357FE3005A61F8 /* URLConstructor.swift in Sources */,
				E3A4A6B92828D33000E865B4 /* RedactPlaceView.swift in Sources */,
				E3D47874282AD82600556070 /* MyMapView.swift in Sources */,
				E3AC99B22829AA59008EDB81 /* MyPlacesViewModel.swift in Sources */,
				E3BD434928253A2600B9E1A3 /* LocationManager.swift in Sources */,
				E3D14A3A283C09320039F702 /* AddPlaceModel.swift in Sources */,
				E3A4A6B52828D30E00E865B4 /* RedactPlaceModel.swift in Sources */,
				E3211AD928416E08000A907F /* CustomImage.swift in Sources */,
				E36355E52822CF1B00A14C82 /* RegistrationViewModel.swift in Sources */,
				E3577ACF28342969001ABC07 /* User.swift in Sources */,
				E3177EBF282452E1009D4BEE /* PlacesMapModel.swift in Sources */,
				E31BCFBD28252AED00340CF5 /* NavigationCoordinator.swift in Sources */,
				E38F0F5728227934005E14A7 /* CafeMapApp.swift in Sources */,
				E39ED9612828162600CBEB2A /* PlaceInformationView.swift in Sources */,
				E39ED95D2828160500CBEB2A /* PlaceInformationViewModel.swift in Sources */,
				E3177EBB282452B5009D4BEE /* PlacesMapView.swift in Sources */,
				E375CC1528240D4300186418 /* RegistrationErrors.swift in Sources */,
				E3D14A38283C09250039F702 /* AddPlaceViewModel.swift in Sources */,
				E3AC99B02829AA4C008EDB81 /* MyPlacesView.swift in Sources */,
				E3A4A6B72828D31B00E865B4 /* RedactPlaceViewModel.swift in Sources */,
				E3177EBD282452D2009D4BEE /* PlacesMapViewModel.swift in Sources */,
			);
			runOnlyForDeploymentPostprocessing = 0;
		};
		E38F0F5F28227939005E14A7 /* Sources */ = {
			isa = PBXSourcesBuildPhase;
			buildActionMask = 2147483647;
			files = (
				E38F0F6828227939005E14A7 /* CafeMapTests.swift in Sources */,
			);
			runOnlyForDeploymentPostprocessing = 0;
		};
		E38F0F6928227939005E14A7 /* Sources */ = {
			isa = PBXSourcesBuildPhase;
			buildActionMask = 2147483647;
			files = (
				E38F0F7428227939005E14A7 /* CafeMapUITestsLaunchTests.swift in Sources */,
				E38F0F7228227939005E14A7 /* CafeMapUITests.swift in Sources */,
			);
			runOnlyForDeploymentPostprocessing = 0;
		};
/* End PBXSourcesBuildPhase section */

/* Begin PBXTargetDependency section */
		E38F0F6528227939005E14A7 /* PBXTargetDependency */ = {
			isa = PBXTargetDependency;
			target = E38F0F5228227934005E14A7 /* PlacesMap */;
			targetProxy = E38F0F6428227939005E14A7 /* PBXContainerItemProxy */;
		};
		E38F0F6F28227939005E14A7 /* PBXTargetDependency */ = {
			isa = PBXTargetDependency;
			target = E38F0F5228227934005E14A7 /* PlacesMap */;
			targetProxy = E38F0F6E28227939005E14A7 /* PBXContainerItemProxy */;
		};
/* End PBXTargetDependency section */

/* Begin PBXVariantGroup section */
		E375CC10282408E100186418 /* Localizable.strings */ = {
			isa = PBXVariantGroup;
			children = (
				E375CC0F282408E100186418 /* en */,
				E375CC11282408F700186418 /* ru */,
			);
			name = Localizable.strings;
			sourceTree = "<group>";
		};
		E3C485282826F89400E53D51 /* InfoPlist.strings */ = {
			isa = PBXVariantGroup;
			children = (
				E3C485272826F89400E53D51 /* en */,
				E3C485292826F89600E53D51 /* ru */,
			);
			name = InfoPlist.strings;
			sourceTree = "<group>";
		};
/* End PBXVariantGroup section */

/* Begin XCBuildConfiguration section */
		E38F0F7528227939005E14A7 /* Debug */ = {
			isa = XCBuildConfiguration;
			buildSettings = {
				ALWAYS_SEARCH_USER_PATHS = NO;
				CLANG_ANALYZER_LOCALIZABILITY_NONLOCALIZED = YES;
				CLANG_ANALYZER_NONNULL = YES;
				CLANG_ANALYZER_NUMBER_OBJECT_CONVERSION = YES_AGGRESSIVE;
				CLANG_CXX_LANGUAGE_STANDARD = "gnu++17";
				CLANG_ENABLE_MODULES = YES;
				CLANG_ENABLE_OBJC_ARC = YES;
				CLANG_ENABLE_OBJC_WEAK = YES;
				CLANG_WARN_BLOCK_CAPTURE_AUTORELEASING = YES;
				CLANG_WARN_BOOL_CONVERSION = YES;
				CLANG_WARN_COMMA = YES;
				CLANG_WARN_CONSTANT_CONVERSION = YES;
				CLANG_WARN_DEPRECATED_OBJC_IMPLEMENTATIONS = YES;
				CLANG_WARN_DIRECT_OBJC_ISA_USAGE = YES_ERROR;
				CLANG_WARN_DOCUMENTATION_COMMENTS = YES;
				CLANG_WARN_EMPTY_BODY = YES;
				CLANG_WARN_ENUM_CONVERSION = YES;
				CLANG_WARN_INFINITE_RECURSION = YES;
				CLANG_WARN_INT_CONVERSION = YES;
				CLANG_WARN_NON_LITERAL_NULL_CONVERSION = YES;
				CLANG_WARN_OBJC_IMPLICIT_RETAIN_SELF = YES;
				CLANG_WARN_OBJC_LITERAL_CONVERSION = YES;
				CLANG_WARN_OBJC_ROOT_CLASS = YES_ERROR;
				CLANG_WARN_QUOTED_INCLUDE_IN_FRAMEWORK_HEADER = YES;
				CLANG_WARN_RANGE_LOOP_ANALYSIS = YES;
				CLANG_WARN_STRICT_PROTOTYPES = YES;
				CLANG_WARN_SUSPICIOUS_MOVE = YES;
				CLANG_WARN_UNGUARDED_AVAILABILITY = YES_AGGRESSIVE;
				CLANG_WARN_UNREACHABLE_CODE = YES;
				CLANG_WARN__DUPLICATE_METHOD_MATCH = YES;
				COPY_PHASE_STRIP = NO;
				DEBUG_INFORMATION_FORMAT = dwarf;
				ENABLE_STRICT_OBJC_MSGSEND = YES;
				ENABLE_TESTABILITY = YES;
				GCC_C_LANGUAGE_STANDARD = gnu11;
				GCC_DYNAMIC_NO_PIC = NO;
				GCC_NO_COMMON_BLOCKS = YES;
				GCC_OPTIMIZATION_LEVEL = 0;
				GCC_PREPROCESSOR_DEFINITIONS = (
					"DEBUG=1",
					"$(inherited)",
				);
				GCC_WARN_64_TO_32_BIT_CONVERSION = YES;
				GCC_WARN_ABOUT_RETURN_TYPE = YES_ERROR;
				GCC_WARN_UNDECLARED_SELECTOR = YES;
				GCC_WARN_UNINITIALIZED_AUTOS = YES_AGGRESSIVE;
				GCC_WARN_UNUSED_FUNCTION = YES;
				GCC_WARN_UNUSED_VARIABLE = YES;
				IPHONEOS_DEPLOYMENT_TARGET = 15.4;
				MTL_ENABLE_DEBUG_INFO = INCLUDE_SOURCE;
				MTL_FAST_MATH = YES;
				ONLY_ACTIVE_ARCH = YES;
				SDKROOT = iphoneos;
				SWIFT_ACTIVE_COMPILATION_CONDITIONS = DEBUG;
				SWIFT_OPTIMIZATION_LEVEL = "-Onone";
			};
			name = Debug;
		};
		E38F0F7628227939005E14A7 /* Release */ = {
			isa = XCBuildConfiguration;
			buildSettings = {
				ALWAYS_SEARCH_USER_PATHS = NO;
				CLANG_ANALYZER_LOCALIZABILITY_NONLOCALIZED = YES;
				CLANG_ANALYZER_NONNULL = YES;
				CLANG_ANALYZER_NUMBER_OBJECT_CONVERSION = YES_AGGRESSIVE;
				CLANG_CXX_LANGUAGE_STANDARD = "gnu++17";
				CLANG_ENABLE_MODULES = YES;
				CLANG_ENABLE_OBJC_ARC = YES;
				CLANG_ENABLE_OBJC_WEAK = YES;
				CLANG_WARN_BLOCK_CAPTURE_AUTORELEASING = YES;
				CLANG_WARN_BOOL_CONVERSION = YES;
				CLANG_WARN_COMMA = YES;
				CLANG_WARN_CONSTANT_CONVERSION = YES;
				CLANG_WARN_DEPRECATED_OBJC_IMPLEMENTATIONS = YES;
				CLANG_WARN_DIRECT_OBJC_ISA_USAGE = YES_ERROR;
				CLANG_WARN_DOCUMENTATION_COMMENTS = YES;
				CLANG_WARN_EMPTY_BODY = YES;
				CLANG_WARN_ENUM_CONVERSION = YES;
				CLANG_WARN_INFINITE_RECURSION = YES;
				CLANG_WARN_INT_CONVERSION = YES;
				CLANG_WARN_NON_LITERAL_NULL_CONVERSION = YES;
				CLANG_WARN_OBJC_IMPLICIT_RETAIN_SELF = YES;
				CLANG_WARN_OBJC_LITERAL_CONVERSION = YES;
				CLANG_WARN_OBJC_ROOT_CLASS = YES_ERROR;
				CLANG_WARN_QUOTED_INCLUDE_IN_FRAMEWORK_HEADER = YES;
				CLANG_WARN_RANGE_LOOP_ANALYSIS = YES;
				CLANG_WARN_STRICT_PROTOTYPES = YES;
				CLANG_WARN_SUSPICIOUS_MOVE = YES;
				CLANG_WARN_UNGUARDED_AVAILABILITY = YES_AGGRESSIVE;
				CLANG_WARN_UNREACHABLE_CODE = YES;
				CLANG_WARN__DUPLICATE_METHOD_MATCH = YES;
				COPY_PHASE_STRIP = NO;
				DEBUG_INFORMATION_FORMAT = "dwarf-with-dsym";
				ENABLE_NS_ASSERTIONS = NO;
				ENABLE_STRICT_OBJC_MSGSEND = YES;
				GCC_C_LANGUAGE_STANDARD = gnu11;
				GCC_NO_COMMON_BLOCKS = YES;
				GCC_WARN_64_TO_32_BIT_CONVERSION = YES;
				GCC_WARN_ABOUT_RETURN_TYPE = YES_ERROR;
				GCC_WARN_UNDECLARED_SELECTOR = YES;
				GCC_WARN_UNINITIALIZED_AUTOS = YES_AGGRESSIVE;
				GCC_WARN_UNUSED_FUNCTION = YES;
				GCC_WARN_UNUSED_VARIABLE = YES;
				IPHONEOS_DEPLOYMENT_TARGET = 15.4;
				MTL_ENABLE_DEBUG_INFO = NO;
				MTL_FAST_MATH = YES;
				SDKROOT = iphoneos;
				SWIFT_COMPILATION_MODE = wholemodule;
				SWIFT_OPTIMIZATION_LEVEL = "-O";
				VALIDATE_PRODUCT = YES;
			};
			name = Release;
		};
		E38F0F7828227939005E14A7 /* Debug */ = {
			isa = XCBuildConfiguration;
			buildSettings = {
				ASSETCATALOG_COMPILER_APPICON_NAME = AppIcon;
				ASSETCATALOG_COMPILER_GLOBAL_ACCENT_COLOR_NAME = AccentColor;
				CODE_SIGN_STYLE = Automatic;
				CURRENT_PROJECT_VERSION = 1;
				DEVELOPMENT_ASSET_PATHS = "\"PlacesMap/Preview Content\"";
				ENABLE_PREVIEWS = YES;
				GENERATE_INFOPLIST_FILE = YES;
				INFOPLIST_FILE = "";
				INFOPLIST_KEY_NSLocationWhenInUseUsageDescription = "";
				INFOPLIST_KEY_UIApplicationSceneManifest_Generation = YES;
				INFOPLIST_KEY_UIApplicationSupportsIndirectInputEvents = YES;
				INFOPLIST_KEY_UILaunchScreen_Generation = YES;
				INFOPLIST_KEY_UISupportedInterfaceOrientations = UIInterfaceOrientationPortrait;
				INFOPLIST_KEY_UISupportedInterfaceOrientations_iPad = "UIInterfaceOrientationPortrait UIInterfaceOrientationPortraitUpsideDown UIInterfaceOrientationLandscapeLeft UIInterfaceOrientationLandscapeRight";
				INFOPLIST_KEY_UISupportedInterfaceOrientations_iPhone = UIInterfaceOrientationPortrait;
				LD_RUNPATH_SEARCH_PATHS = (
					"$(inherited)",
					"@executable_path/Frameworks",
				);
				MARKETING_VERSION = 1.0;
				PRODUCT_BUNDLE_IDENTIFIER = artemiy.CafeMap;
				PRODUCT_NAME = "Places Map";
				SWIFT_EMIT_LOC_STRINGS = YES;
				SWIFT_VERSION = 5.0;
				TARGETED_DEVICE_FAMILY = 1;
			};
			name = Debug;
		};
		E38F0F7928227939005E14A7 /* Release */ = {
			isa = XCBuildConfiguration;
			buildSettings = {
				ASSETCATALOG_COMPILER_APPICON_NAME = AppIcon;
				ASSETCATALOG_COMPILER_GLOBAL_ACCENT_COLOR_NAME = AccentColor;
				CODE_SIGN_STYLE = Automatic;
				CURRENT_PROJECT_VERSION = 1;
				DEVELOPMENT_ASSET_PATHS = "\"PlacesMap/Preview Content\"";
				ENABLE_PREVIEWS = YES;
				GENERATE_INFOPLIST_FILE = YES;
				INFOPLIST_FILE = "";
				INFOPLIST_KEY_NSLocationWhenInUseUsageDescription = "";
				INFOPLIST_KEY_UIApplicationSceneManifest_Generation = YES;
				INFOPLIST_KEY_UIApplicationSupportsIndirectInputEvents = YES;
				INFOPLIST_KEY_UILaunchScreen_Generation = YES;
				INFOPLIST_KEY_UISupportedInterfaceOrientations = UIInterfaceOrientationPortrait;
				INFOPLIST_KEY_UISupportedInterfaceOrientations_iPad = "UIInterfaceOrientationPortrait UIInterfaceOrientationPortraitUpsideDown UIInterfaceOrientationLandscapeLeft UIInterfaceOrientationLandscapeRight";
				INFOPLIST_KEY_UISupportedInterfaceOrientations_iPhone = UIInterfaceOrientationPortrait;
				LD_RUNPATH_SEARCH_PATHS = (
					"$(inherited)",
					"@executable_path/Frameworks",
				);
				MARKETING_VERSION = 1.0;
				PRODUCT_BUNDLE_IDENTIFIER = artemiy.CafeMap;
				PRODUCT_NAME = "Places Map";
				SWIFT_EMIT_LOC_STRINGS = YES;
				SWIFT_VERSION = 5.0;
				TARGETED_DEVICE_FAMILY = 1;
			};
			name = Release;
		};
		E38F0F7B28227939005E14A7 /* Debug */ = {
			isa = XCBuildConfiguration;
			buildSettings = {
				ALWAYS_EMBED_SWIFT_STANDARD_LIBRARIES = YES;
				BUNDLE_LOADER = "$(TEST_HOST)";
				CODE_SIGN_STYLE = Automatic;
				CURRENT_PROJECT_VERSION = 1;
				GENERATE_INFOPLIST_FILE = YES;
				IPHONEOS_DEPLOYMENT_TARGET = 15.4;
				MARKETING_VERSION = 1.0;
				PRODUCT_BUNDLE_IDENTIFIER = artemiy.CafeMapTests;
				PRODUCT_NAME = "$(TARGET_NAME)";
				SWIFT_EMIT_LOC_STRINGS = NO;
				SWIFT_VERSION = 5.0;
				TARGETED_DEVICE_FAMILY = "1,2";
				TEST_HOST = "$(BUILT_PRODUCTS_DIR)/PlacesMap.app/PlacesMap";
			};
			name = Debug;
		};
		E38F0F7C28227939005E14A7 /* Release */ = {
			isa = XCBuildConfiguration;
			buildSettings = {
				ALWAYS_EMBED_SWIFT_STANDARD_LIBRARIES = YES;
				BUNDLE_LOADER = "$(TEST_HOST)";
				CODE_SIGN_STYLE = Automatic;
				CURRENT_PROJECT_VERSION = 1;
				GENERATE_INFOPLIST_FILE = YES;
				IPHONEOS_DEPLOYMENT_TARGET = 15.4;
				MARKETING_VERSION = 1.0;
				PRODUCT_BUNDLE_IDENTIFIER = artemiy.CafeMapTests;
				PRODUCT_NAME = "$(TARGET_NAME)";
				SWIFT_EMIT_LOC_STRINGS = NO;
				SWIFT_VERSION = 5.0;
				TARGETED_DEVICE_FAMILY = "1,2";
				TEST_HOST = "$(BUILT_PRODUCTS_DIR)/PlacesMap.app/PlacesMap";
			};
			name = Release;
		};
		E38F0F7E28227939005E14A7 /* Debug */ = {
			isa = XCBuildConfiguration;
			buildSettings = {
				ALWAYS_EMBED_SWIFT_STANDARD_LIBRARIES = YES;
				CODE_SIGN_STYLE = Automatic;
				CURRENT_PROJECT_VERSION = 1;
				GENERATE_INFOPLIST_FILE = YES;
				MARKETING_VERSION = 1.0;
				PRODUCT_BUNDLE_IDENTIFIER = artemiy.CafeMapUITests;
				PRODUCT_NAME = "$(TARGET_NAME)";
				SWIFT_EMIT_LOC_STRINGS = NO;
				SWIFT_VERSION = 5.0;
				TARGETED_DEVICE_FAMILY = "1,2";
				TEST_TARGET_NAME = CafeMap;
			};
			name = Debug;
		};
		E38F0F7F28227939005E14A7 /* Release */ = {
			isa = XCBuildConfiguration;
			buildSettings = {
				ALWAYS_EMBED_SWIFT_STANDARD_LIBRARIES = YES;
				CODE_SIGN_STYLE = Automatic;
				CURRENT_PROJECT_VERSION = 1;
				GENERATE_INFOPLIST_FILE = YES;
				MARKETING_VERSION = 1.0;
				PRODUCT_BUNDLE_IDENTIFIER = artemiy.CafeMapUITests;
				PRODUCT_NAME = "$(TARGET_NAME)";
				SWIFT_EMIT_LOC_STRINGS = NO;
				SWIFT_VERSION = 5.0;
				TARGETED_DEVICE_FAMILY = "1,2";
				TEST_TARGET_NAME = CafeMap;
			};
			name = Release;
		};
/* End XCBuildConfiguration section */

/* Begin XCConfigurationList section */
		E38F0F4E28227933005E14A7 /* Build configuration list for PBXProject "PlacesMap" */ = {
			isa = XCConfigurationList;
			buildConfigurations = (
				E38F0F7528227939005E14A7 /* Debug */,
				E38F0F7628227939005E14A7 /* Release */,
			);
			defaultConfigurationIsVisible = 0;
			defaultConfigurationName = Release;
		};
		E38F0F7728227939005E14A7 /* Build configuration list for PBXNativeTarget "PlacesMap" */ = {
			isa = XCConfigurationList;
			buildConfigurations = (
				E38F0F7828227939005E14A7 /* Debug */,
				E38F0F7928227939005E14A7 /* Release */,
			);
			defaultConfigurationIsVisible = 0;
			defaultConfigurationName = Release;
		};
		E38F0F7A28227939005E14A7 /* Build configuration list for PBXNativeTarget "PlacesMapTests" */ = {
			isa = XCConfigurationList;
			buildConfigurations = (
				E38F0F7B28227939005E14A7 /* Debug */,
				E38F0F7C28227939005E14A7 /* Release */,
			);
			defaultConfigurationIsVisible = 0;
			defaultConfigurationName = Release;
		};
		E38F0F7D28227939005E14A7 /* Build configuration list for PBXNativeTarget "PlacesMapUITests" */ = {
			isa = XCConfigurationList;
			buildConfigurations = (
				E38F0F7E28227939005E14A7 /* Debug */,
				E38F0F7F28227939005E14A7 /* Release */,
			);
			defaultConfigurationIsVisible = 0;
			defaultConfigurationName = Release;
		};
/* End XCConfigurationList section */

/* Begin XCRemoteSwiftPackageReference section */
		E38F0F8328228028005E14A7 /* XCRemoteSwiftPackageReference "firebase-ios-sdk" */ = {
			isa = XCRemoteSwiftPackageReference;
			repositoryURL = "https://github.com/firebase/firebase-ios-sdk";
			requirement = {
				kind = upToNextMajorVersion;
				minimumVersion = 8.0.0;
			};
		};
/* End XCRemoteSwiftPackageReference section */

/* Begin XCSwiftPackageProductDependency section */
		E38F0F8428228028005E14A7 /* FirebaseAnalytics */ = {
			isa = XCSwiftPackageProductDependency;
			package = E38F0F8328228028005E14A7 /* XCRemoteSwiftPackageReference "firebase-ios-sdk" */;
			productName = FirebaseAnalytics;
		};
		E38F0F8628228029005E14A7 /* FirebaseAuth */ = {
			isa = XCSwiftPackageProductDependency;
			package = E38F0F8328228028005E14A7 /* XCRemoteSwiftPackageReference "firebase-ios-sdk" */;
			productName = FirebaseAuth;
		};
		E38F0F8828228029005E14A7 /* FirebaseAuthCombine-Community */ = {
			isa = XCSwiftPackageProductDependency;
			package = E38F0F8328228028005E14A7 /* XCRemoteSwiftPackageReference "firebase-ios-sdk" */;
			productName = "FirebaseAuthCombine-Community";
		};
/* End XCSwiftPackageProductDependency section */
	};
	rootObject = E38F0F4B28227933005E14A7 /* Project object */;
}
